// !$*UTF8*$!
{
	archiveVersion = 1;
	classes = {
	};
	objectVersion = 50;
	objects = {

/* Begin PBXBuildFile section */
		313D7A702691F1AA0068BCC9 /* ROCBridgeContextCoreProtocol.h in Headers */ = {isa = PBXBuildFile; fileRef = 313D7A6F2691F1AA0068BCC9 /* ROCBridgeContextCoreProtocol.h */; };
		313D7A75269358780068BCC9 /* ROCBridgeJSContextCore.h in Headers */ = {isa = PBXBuildFile; fileRef = 313D7A73269358780068BCC9 /* ROCBridgeJSContextCore.h */; };
		313D7A76269358780068BCC9 /* ROCBridgeJSContextCore.m in Sources */ = {isa = PBXBuildFile; fileRef = 313D7A74269358780068BCC9 /* ROCBridgeJSContextCore.m */; };
		31C3745926838272000744C0 /* AppDelegate.m in Sources */ = {isa = PBXBuildFile; fileRef = 31C3745826838272000744C0 /* AppDelegate.m */; };
		31C3745C26838272000744C0 /* SceneDelegate.m in Sources */ = {isa = PBXBuildFile; fileRef = 31C3745B26838272000744C0 /* SceneDelegate.m */; };
		31C3745F26838272000744C0 /* ViewController.m in Sources */ = {isa = PBXBuildFile; fileRef = 31C3745E26838272000744C0 /* ViewController.m */; };
		31C3746226838272000744C0 /* Main.storyboard in Resources */ = {isa = PBXBuildFile; fileRef = 31C3746026838272000744C0 /* Main.storyboard */; };
		31C3746426838272000744C0 /* Assets.xcassets in Resources */ = {isa = PBXBuildFile; fileRef = 31C3746326838272000744C0 /* Assets.xcassets */; };
		31C3746726838272000744C0 /* LaunchScreen.storyboard in Resources */ = {isa = PBXBuildFile; fileRef = 31C3746526838272000744C0 /* LaunchScreen.storyboard */; };
		31C3746A26838272000744C0 /* main.m in Sources */ = {isa = PBXBuildFile; fileRef = 31C3746926838272000744C0 /* main.m */; };
		31CDF4FE268A0ABF00590431 /* RocBridge.h in Headers */ = {isa = PBXBuildFile; fileRef = 31CDF4EE268A0ABF00590431 /* RocBridge.h */; settings = {ATTRIBUTES = (Public, ); }; };
		31CDF501268A0ABF00590431 /* RocBridge.framework in Frameworks */ = {isa = PBXBuildFile; fileRef = 31CDF4EC268A0ABF00590431 /* RocBridge.framework */; };
		31CDF502268A0ABF00590431 /* RocBridge.framework in Embed Frameworks */ = {isa = PBXBuildFile; fileRef = 31CDF4EC268A0ABF00590431 /* RocBridge.framework */; settings = {ATTRIBUTES = (CodeSignOnCopy, RemoveHeadersOnCopy, ); }; };
		31CDF510268A0C5100590431 /* ROCBridgeContext.m in Sources */ = {isa = PBXBuildFile; fileRef = 31CDF50E268A0C5100590431 /* ROCBridgeContext.m */; };
		31CDF511268A0C5100590431 /* ROCBridgeContext.h in Headers */ = {isa = PBXBuildFile; fileRef = 31CDF50F268A0C5100590431 /* ROCBridgeContext.h */; settings = {ATTRIBUTES = (Public, ); }; };
		31CDF51B268A139C00590431 /* ROCBridgeConfig.h in Headers */ = {isa = PBXBuildFile; fileRef = 31CDF519268A139C00590431 /* ROCBridgeConfig.h */; settings = {ATTRIBUTES = (Public, ); }; };
		31CDF51C268A139C00590431 /* ROCBridgeConfig.m in Sources */ = {isa = PBXBuildFile; fileRef = 31CDF51A268A139C00590431 /* ROCBridgeConfig.m */; };
		31CDF533268B77F600590431 /* ROCBridgeHybridRegister.h in Headers */ = {isa = PBXBuildFile; fileRef = 31CDF531268B77F600590431 /* ROCBridgeHybridRegister.h */; settings = {ATTRIBUTES = (Public, ); }; };
		31CDF534268B77F600590431 /* ROCBridgeHybridRegister.m in Sources */ = {isa = PBXBuildFile; fileRef = 31CDF532268B77F600590431 /* ROCBridgeHybridRegister.m */; };
		31CDF537268B7B3B00590431 /* ROCBridgeBaseHybridModule.h in Headers */ = {isa = PBXBuildFile; fileRef = 31CDF535268B7B3B00590431 /* ROCBridgeBaseHybridModule.h */; settings = {ATTRIBUTES = (Public, ); }; };
		31CDF538268B7B3B00590431 /* ROCBridgeBaseHybridModule.m in Sources */ = {isa = PBXBuildFile; fileRef = 31CDF536268B7B3B00590431 /* ROCBridgeBaseHybridModule.m */; };
		31CDF53B268B7B5A00590431 /* ROCBridgeBaseManager.h in Headers */ = {isa = PBXBuildFile; fileRef = 31CDF539268B7B5A00590431 /* ROCBridgeBaseManager.h */; };
		31CDF53C268B7B5A00590431 /* ROCBridgeBaseManager.m in Sources */ = {isa = PBXBuildFile; fileRef = 31CDF53A268B7B5A00590431 /* ROCBridgeBaseManager.m */; };
		31CDF53F268E09AE00590431 /* ROCBridgeHandler.h in Headers */ = {isa = PBXBuildFile; fileRef = 31CDF53D268E09AE00590431 /* ROCBridgeHandler.h */; settings = {ATTRIBUTES = (Public, ); }; };
		31CDF540268E09AE00590431 /* ROCBridgeHandler.m in Sources */ = {isa = PBXBuildFile; fileRef = 31CDF53E268E09AE00590431 /* ROCBridgeHandler.m */; };
		31CDF543268E0DC200590431 /* ROCBridgeEventHandler.h in Headers */ = {isa = PBXBuildFile; fileRef = 31CDF541268E0DC200590431 /* ROCBridgeEventHandler.h */; settings = {ATTRIBUTES = (Public, ); }; };
		31CDF544268E0DC200590431 /* ROCBridgeEventHandler.m in Sources */ = {isa = PBXBuildFile; fileRef = 31CDF542268E0DC200590431 /* ROCBridgeEventHandler.m */; };
		31CDF547268E0E4500590431 /* ROCBridgeHybridResponse.h in Headers */ = {isa = PBXBuildFile; fileRef = 31CDF545268E0E4500590431 /* ROCBridgeHybridResponse.h */; settings = {ATTRIBUTES = (Public, ); }; };
		31CDF548268E0E4500590431 /* ROCBridgeHybridResponse.m in Sources */ = {isa = PBXBuildFile; fileRef = 31CDF546268E0E4500590431 /* ROCBridgeHybridResponse.m */; };
		31CDF54F268E118300590431 /* ROCBridgeContextLog.h in Headers */ = {isa = PBXBuildFile; fileRef = 31CDF54D268E118300590431 /* ROCBridgeContextLog.h */; settings = {ATTRIBUTES = (Public, ); }; };
		31CDF550268E118300590431 /* ROCBridgeContextLog.m in Sources */ = {isa = PBXBuildFile; fileRef = 31CDF54E268E118300590431 /* ROCBridgeContextLog.m */; };
		31CDF5532691B70A00590431 /* ROCBridgeHybridRequest.h in Headers */ = {isa = PBXBuildFile; fileRef = 31CDF5512691B70A00590431 /* ROCBridgeHybridRequest.h */; settings = {ATTRIBUTES = (Public, ); }; };
		31CDF5542691B70A00590431 /* ROCBridgeHybridRequest.m in Sources */ = {isa = PBXBuildFile; fileRef = 31CDF5522691B70A00590431 /* ROCBridgeHybridRequest.m */; };
		31DD922926EDD65300BC5592 /* ROCBridgeHybridManager.h in Headers */ = {isa = PBXBuildFile; fileRef = 31DD922726EDD65300BC5592 /* ROCBridgeHybridManager.h */; };
		31DD922A26EDD65300BC5592 /* ROCBridgeHybridManager.m in Sources */ = {isa = PBXBuildFile; fileRef = 31DD922826EDD65300BC5592 /* ROCBridgeHybridManager.m */; };
		31DD922E26EDD72700BC5592 /* ROCBridgeHybridAdditionInfo.h in Headers */ = {isa = PBXBuildFile; fileRef = 31DD922C26EDD72700BC5592 /* ROCBridgeHybridAdditionInfo.h */; };
		31DD922F26EDD72700BC5592 /* ROCBridgeHybridAdditionInfo.m in Sources */ = {isa = PBXBuildFile; fileRef = 31DD922D26EDD72700BC5592 /* ROCBridgeHybridAdditionInfo.m */; };
		31DD923326EDDC9700BC5592 /* ROCBridgeEventManager.h in Headers */ = {isa = PBXBuildFile; fileRef = 31DD923126EDDC9700BC5592 /* ROCBridgeEventManager.h */; };
		31DD923426EDDC9700BC5592 /* ROCBridgeEventManager.m in Sources */ = {isa = PBXBuildFile; fileRef = 31DD923226EDDC9700BC5592 /* ROCBridgeEventManager.m */; };
		31DD923726EDDEB900BC5592 /* ROCBridgeHybridModuleData.h in Headers */ = {isa = PBXBuildFile; fileRef = 31DD923526EDDEB900BC5592 /* ROCBridgeHybridModuleData.h */; };
		31DD923826EDDEB900BC5592 /* ROCBridgeHybridModuleData.m in Sources */ = {isa = PBXBuildFile; fileRef = 31DD923626EDDEB900BC5592 /* ROCBridgeHybridModuleData.m */; };
		31DD923B26EDE0ED00BC5592 /* ROCBridgeHybridMethodData.h in Headers */ = {isa = PBXBuildFile; fileRef = 31DD923926EDE0ED00BC5592 /* ROCBridgeHybridMethodData.h */; };
		31DD923C26EDE0ED00BC5592 /* ROCBridgeHybridMethodData.m in Sources */ = {isa = PBXBuildFile; fileRef = 31DD923A26EDE0ED00BC5592 /* ROCBridgeHybridMethodData.m */; };
		31DD923F26F9A23900BC5592 /* ROCBridgeHybridArgumentData.h in Headers */ = {isa = PBXBuildFile; fileRef = 31DD923D26F9A23900BC5592 /* ROCBridgeHybridArgumentData.h */; };
		31DD924026F9A23900BC5592 /* ROCBridgeHybridArgumentData.m in Sources */ = {isa = PBXBuildFile; fileRef = 31DD923E26F9A23900BC5592 /* ROCBridgeHybridArgumentData.m */; };
		31DD924426F9A2AE00BC5592 /* ROCParserUtils.h in Headers */ = {isa = PBXBuildFile; fileRef = 31DD924226F9A2AE00BC5592 /* ROCParserUtils.h */; };
		31DD924526F9A2AE00BC5592 /* ROCParserUtils.m in Sources */ = {isa = PBXBuildFile; fileRef = 31DD924326F9A2AE00BC5592 /* ROCParserUtils.m */; };
		64932026079DF93ACAF23DDE /* libPods-RocBridgeExample.a in Frameworks */ = {isa = PBXBuildFile; fileRef = C33CDB5830DC019965FA4F18 /* libPods-RocBridgeExample.a */; };
/* End PBXBuildFile section */

/* Begin PBXContainerItemProxy section */
		31CDF4FF268A0ABF00590431 /* PBXContainerItemProxy */ = {
			isa = PBXContainerItemProxy;
			containerPortal = 31C3744C26838272000744C0 /* Project object */;
			proxyType = 1;
			remoteGlobalIDString = 31CDF4EB268A0ABF00590431;
			remoteInfo = RocBridge;
		};
/* End PBXContainerItemProxy section */

/* Begin PBXCopyFilesBuildPhase section */
		31CDF503268A0ABF00590431 /* Embed Frameworks */ = {
			isa = PBXCopyFilesBuildPhase;
			buildActionMask = 2147483647;
			dstPath = "";
			dstSubfolderSpec = 10;
			files = (
				31CDF502268A0ABF00590431 /* RocBridge.framework in Embed Frameworks */,
			);
			name = "Embed Frameworks";
			runOnlyForDeploymentPostprocessing = 0;
		};
/* End PBXCopyFilesBuildPhase section */

/* Begin PBXFileReference section */
		05C9702EB2720F5953B94D1A /* Pods-RocBridgeExample.release.xcconfig */ = {isa = PBXFileReference; includeInIndex = 1; lastKnownFileType = text.xcconfig; name = "Pods-RocBridgeExample.release.xcconfig"; path = "Target Support Files/Pods-RocBridgeExample/Pods-RocBridgeExample.release.xcconfig"; sourceTree = "<group>"; };
		313D7A6F2691F1AA0068BCC9 /* ROCBridgeContextCoreProtocol.h */ = {isa = PBXFileReference; lastKnownFileType = sourcecode.c.h; path = ROCBridgeContextCoreProtocol.h; sourceTree = "<group>"; };
		313D7A73269358780068BCC9 /* ROCBridgeJSContextCore.h */ = {isa = PBXFileReference; lastKnownFileType = sourcecode.c.h; path = ROCBridgeJSContextCore.h; sourceTree = "<group>"; };
		313D7A74269358780068BCC9 /* ROCBridgeJSContextCore.m */ = {isa = PBXFileReference; lastKnownFileType = sourcecode.c.objc; path = ROCBridgeJSContextCore.m; sourceTree = "<group>"; };
		31C3745426838272000744C0 /* RocBridgeExample.app */ = {isa = PBXFileReference; explicitFileType = wrapper.application; includeInIndex = 0; path = RocBridgeExample.app; sourceTree = BUILT_PRODUCTS_DIR; };
		31C3745726838272000744C0 /* AppDelegate.h */ = {isa = PBXFileReference; lastKnownFileType = sourcecode.c.h; path = AppDelegate.h; sourceTree = "<group>"; };
		31C3745826838272000744C0 /* AppDelegate.m */ = {isa = PBXFileReference; lastKnownFileType = sourcecode.c.objc; path = AppDelegate.m; sourceTree = "<group>"; };
		31C3745A26838272000744C0 /* SceneDelegate.h */ = {isa = PBXFileReference; lastKnownFileType = sourcecode.c.h; path = SceneDelegate.h; sourceTree = "<group>"; };
		31C3745B26838272000744C0 /* SceneDelegate.m */ = {isa = PBXFileReference; lastKnownFileType = sourcecode.c.objc; path = SceneDelegate.m; sourceTree = "<group>"; };
		31C3745D26838272000744C0 /* ViewController.h */ = {isa = PBXFileReference; lastKnownFileType = sourcecode.c.h; path = ViewController.h; sourceTree = "<group>"; };
		31C3745E26838272000744C0 /* ViewController.m */ = {isa = PBXFileReference; lastKnownFileType = sourcecode.c.objc; path = ViewController.m; sourceTree = "<group>"; };
		31C3746126838272000744C0 /* Base */ = {isa = PBXFileReference; lastKnownFileType = file.storyboard; name = Base; path = Base.lproj/Main.storyboard; sourceTree = "<group>"; };
		31C3746326838272000744C0 /* Assets.xcassets */ = {isa = PBXFileReference; lastKnownFileType = folder.assetcatalog; path = Assets.xcassets; sourceTree = "<group>"; };
		31C3746626838272000744C0 /* Base */ = {isa = PBXFileReference; lastKnownFileType = file.storyboard; name = Base; path = Base.lproj/LaunchScreen.storyboard; sourceTree = "<group>"; };
		31C3746826838272000744C0 /* Info.plist */ = {isa = PBXFileReference; lastKnownFileType = text.plist.xml; path = Info.plist; sourceTree = "<group>"; };
		31C3746926838272000744C0 /* main.m */ = {isa = PBXFileReference; lastKnownFileType = sourcecode.c.objc; path = main.m; sourceTree = "<group>"; };
		31CDF4EC268A0ABF00590431 /* RocBridge.framework */ = {isa = PBXFileReference; explicitFileType = wrapper.framework; includeInIndex = 0; path = RocBridge.framework; sourceTree = BUILT_PRODUCTS_DIR; };
		31CDF4EE268A0ABF00590431 /* RocBridge.h */ = {isa = PBXFileReference; lastKnownFileType = sourcecode.c.h; path = RocBridge.h; sourceTree = "<group>"; };
		31CDF4EF268A0ABF00590431 /* Info.plist */ = {isa = PBXFileReference; lastKnownFileType = text.plist.xml; path = Info.plist; sourceTree = "<group>"; };
		31CDF50E268A0C5100590431 /* ROCBridgeContext.m */ = {isa = PBXFileReference; fileEncoding = 4; lastKnownFileType = sourcecode.c.objc; path = ROCBridgeContext.m; sourceTree = "<group>"; };
		31CDF50F268A0C5100590431 /* ROCBridgeContext.h */ = {isa = PBXFileReference; fileEncoding = 4; lastKnownFileType = sourcecode.c.h; path = ROCBridgeContext.h; sourceTree = "<group>"; };
		31CDF519268A139C00590431 /* ROCBridgeConfig.h */ = {isa = PBXFileReference; lastKnownFileType = sourcecode.c.h; path = ROCBridgeConfig.h; sourceTree = "<group>"; };
		31CDF51A268A139C00590431 /* ROCBridgeConfig.m */ = {isa = PBXFileReference; lastKnownFileType = sourcecode.c.objc; path = ROCBridgeConfig.m; sourceTree = "<group>"; };
		31CDF531268B77F600590431 /* ROCBridgeHybridRegister.h */ = {isa = PBXFileReference; lastKnownFileType = sourcecode.c.h; path = ROCBridgeHybridRegister.h; sourceTree = "<group>"; };
		31CDF532268B77F600590431 /* ROCBridgeHybridRegister.m */ = {isa = PBXFileReference; lastKnownFileType = sourcecode.c.objc; path = ROCBridgeHybridRegister.m; sourceTree = "<group>"; };
		31CDF535268B7B3B00590431 /* ROCBridgeBaseHybridModule.h */ = {isa = PBXFileReference; lastKnownFileType = sourcecode.c.h; path = ROCBridgeBaseHybridModule.h; sourceTree = "<group>"; };
		31CDF536268B7B3B00590431 /* ROCBridgeBaseHybridModule.m */ = {isa = PBXFileReference; lastKnownFileType = sourcecode.c.objc; path = ROCBridgeBaseHybridModule.m; sourceTree = "<group>"; };
		31CDF539268B7B5A00590431 /* ROCBridgeBaseManager.h */ = {isa = PBXFileReference; lastKnownFileType = sourcecode.c.h; path = ROCBridgeBaseManager.h; sourceTree = "<group>"; };
		31CDF53A268B7B5A00590431 /* ROCBridgeBaseManager.m */ = {isa = PBXFileReference; lastKnownFileType = sourcecode.c.objc; path = ROCBridgeBaseManager.m; sourceTree = "<group>"; };
		31CDF53D268E09AE00590431 /* ROCBridgeHandler.h */ = {isa = PBXFileReference; lastKnownFileType = sourcecode.c.h; path = ROCBridgeHandler.h; sourceTree = "<group>"; };
		31CDF53E268E09AE00590431 /* ROCBridgeHandler.m */ = {isa = PBXFileReference; lastKnownFileType = sourcecode.c.objc; path = ROCBridgeHandler.m; sourceTree = "<group>"; };
		31CDF541268E0DC200590431 /* ROCBridgeEventHandler.h */ = {isa = PBXFileReference; lastKnownFileType = sourcecode.c.h; path = ROCBridgeEventHandler.h; sourceTree = "<group>"; };
		31CDF542268E0DC200590431 /* ROCBridgeEventHandler.m */ = {isa = PBXFileReference; lastKnownFileType = sourcecode.c.objc; path = ROCBridgeEventHandler.m; sourceTree = "<group>"; };
		31CDF545268E0E4500590431 /* ROCBridgeHybridResponse.h */ = {isa = PBXFileReference; lastKnownFileType = sourcecode.c.h; path = ROCBridgeHybridResponse.h; sourceTree = "<group>"; };
		31CDF546268E0E4500590431 /* ROCBridgeHybridResponse.m */ = {isa = PBXFileReference; lastKnownFileType = sourcecode.c.objc; path = ROCBridgeHybridResponse.m; sourceTree = "<group>"; };
		31CDF54D268E118300590431 /* ROCBridgeContextLog.h */ = {isa = PBXFileReference; lastKnownFileType = sourcecode.c.h; path = ROCBridgeContextLog.h; sourceTree = "<group>"; };
		31CDF54E268E118300590431 /* ROCBridgeContextLog.m */ = {isa = PBXFileReference; lastKnownFileType = sourcecode.c.objc; path = ROCBridgeContextLog.m; sourceTree = "<group>"; };
		31CDF5512691B70A00590431 /* ROCBridgeHybridRequest.h */ = {isa = PBXFileReference; lastKnownFileType = sourcecode.c.h; path = ROCBridgeHybridRequest.h; sourceTree = "<group>"; };
		31CDF5522691B70A00590431 /* ROCBridgeHybridRequest.m */ = {isa = PBXFileReference; lastKnownFileType = sourcecode.c.objc; path = ROCBridgeHybridRequest.m; sourceTree = "<group>"; };
		31DD922726EDD65300BC5592 /* ROCBridgeHybridManager.h */ = {isa = PBXFileReference; lastKnownFileType = sourcecode.c.h; path = ROCBridgeHybridManager.h; sourceTree = "<group>"; };
		31DD922826EDD65300BC5592 /* ROCBridgeHybridManager.m */ = {isa = PBXFileReference; lastKnownFileType = sourcecode.c.objc; path = ROCBridgeHybridManager.m; sourceTree = "<group>"; };
		31DD922C26EDD72700BC5592 /* ROCBridgeHybridAdditionInfo.h */ = {isa = PBXFileReference; lastKnownFileType = sourcecode.c.h; path = ROCBridgeHybridAdditionInfo.h; sourceTree = "<group>"; };
		31DD922D26EDD72700BC5592 /* ROCBridgeHybridAdditionInfo.m */ = {isa = PBXFileReference; lastKnownFileType = sourcecode.c.objc; path = ROCBridgeHybridAdditionInfo.m; sourceTree = "<group>"; };
		31DD923126EDDC9700BC5592 /* ROCBridgeEventManager.h */ = {isa = PBXFileReference; lastKnownFileType = sourcecode.c.h; path = ROCBridgeEventManager.h; sourceTree = "<group>"; };
		31DD923226EDDC9700BC5592 /* ROCBridgeEventManager.m */ = {isa = PBXFileReference; lastKnownFileType = sourcecode.c.objc; path = ROCBridgeEventManager.m; sourceTree = "<group>"; };
		31DD923526EDDEB900BC5592 /* ROCBridgeHybridModuleData.h */ = {isa = PBXFileReference; lastKnownFileType = sourcecode.c.h; path = ROCBridgeHybridModuleData.h; sourceTree = "<group>"; };
		31DD923626EDDEB900BC5592 /* ROCBridgeHybridModuleData.m */ = {isa = PBXFileReference; lastKnownFileType = sourcecode.c.objc; path = ROCBridgeHybridModuleData.m; sourceTree = "<group>"; };
		31DD923926EDE0ED00BC5592 /* ROCBridgeHybridMethodData.h */ = {isa = PBXFileReference; lastKnownFileType = sourcecode.c.h; path = ROCBridgeHybridMethodData.h; sourceTree = "<group>"; };
		31DD923A26EDE0ED00BC5592 /* ROCBridgeHybridMethodData.m */ = {isa = PBXFileReference; lastKnownFileType = sourcecode.c.objc; path = ROCBridgeHybridMethodData.m; sourceTree = "<group>"; };
		31DD923D26F9A23900BC5592 /* ROCBridgeHybridArgumentData.h */ = {isa = PBXFileReference; lastKnownFileType = sourcecode.c.h; path = ROCBridgeHybridArgumentData.h; sourceTree = "<group>"; };
		31DD923E26F9A23900BC5592 /* ROCBridgeHybridArgumentData.m */ = {isa = PBXFileReference; lastKnownFileType = sourcecode.c.objc; path = ROCBridgeHybridArgumentData.m; sourceTree = "<group>"; };
		31DD924226F9A2AE00BC5592 /* ROCParserUtils.h */ = {isa = PBXFileReference; lastKnownFileType = sourcecode.c.h; path = ROCParserUtils.h; sourceTree = "<group>"; };
		31DD924326F9A2AE00BC5592 /* ROCParserUtils.m */ = {isa = PBXFileReference; lastKnownFileType = sourcecode.c.objc; path = ROCParserUtils.m; sourceTree = "<group>"; };
		55839F3E097CFF26B37D80BA /* Pods-RocBridgeExample.debug.xcconfig */ = {isa = PBXFileReference; includeInIndex = 1; lastKnownFileType = text.xcconfig; name = "Pods-RocBridgeExample.debug.xcconfig"; path = "Target Support Files/Pods-RocBridgeExample/Pods-RocBridgeExample.debug.xcconfig"; sourceTree = "<group>"; };
		C33CDB5830DC019965FA4F18 /* libPods-RocBridgeExample.a */ = {isa = PBXFileReference; explicitFileType = archive.ar; includeInIndex = 0; path = "libPods-RocBridgeExample.a"; sourceTree = BUILT_PRODUCTS_DIR; };
/* End PBXFileReference section */

/* Begin PBXFrameworksBuildPhase section */
		31C3745126838272000744C0 /* Frameworks */ = {
			isa = PBXFrameworksBuildPhase;
			buildActionMask = 2147483647;
			files = (
				31CDF501268A0ABF00590431 /* RocBridge.framework in Frameworks */,
				64932026079DF93ACAF23DDE /* libPods-RocBridgeExample.a in Frameworks */,
			);
			runOnlyForDeploymentPostprocessing = 0;
		};
		31CDF4E9268A0ABF00590431 /* Frameworks */ = {
			isa = PBXFrameworksBuildPhase;
			buildActionMask = 2147483647;
			files = (
			);
			runOnlyForDeploymentPostprocessing = 0;
		};
/* End PBXFrameworksBuildPhase section */

/* Begin PBXGroup section */
		2FE47A98400D4BCDCA3A99D5 /* Pods */ = {
			isa = PBXGroup;
			children = (
				55839F3E097CFF26B37D80BA /* Pods-RocBridgeExample.debug.xcconfig */,
				05C9702EB2720F5953B94D1A /* Pods-RocBridgeExample.release.xcconfig */,
			);
			path = Pods;
			sourceTree = "<group>";
		};
		313D7A6D2691B92E0068BCC9 /* HybridModule */ = {
			isa = PBXGroup;
			children = (
				31CDF535268B7B3B00590431 /* ROCBridgeBaseHybridModule.h */,
				31CDF536268B7B3B00590431 /* ROCBridgeBaseHybridModule.m */,
			);
			path = HybridModule;
			sourceTree = "<group>";
		};
		313D7A6E2691B9420068BCC9 /* Data */ = {
			isa = PBXGroup;
			children = (
				31DD922C26EDD72700BC5592 /* ROCBridgeHybridAdditionInfo.h */,
				31DD922D26EDD72700BC5592 /* ROCBridgeHybridAdditionInfo.m */,
				31CDF531268B77F600590431 /* ROCBridgeHybridRegister.h */,
				31CDF532268B77F600590431 /* ROCBridgeHybridRegister.m */,
				31CDF545268E0E4500590431 /* ROCBridgeHybridResponse.h */,
				31CDF546268E0E4500590431 /* ROCBridgeHybridResponse.m */,
				31CDF5512691B70A00590431 /* ROCBridgeHybridRequest.h */,
				31CDF5522691B70A00590431 /* ROCBridgeHybridRequest.m */,
				31DD923526EDDEB900BC5592 /* ROCBridgeHybridModuleData.h */,
				31DD923626EDDEB900BC5592 /* ROCBridgeHybridModuleData.m */,
				31DD923926EDE0ED00BC5592 /* ROCBridgeHybridMethodData.h */,
				31DD923A26EDE0ED00BC5592 /* ROCBridgeHybridMethodData.m */,
				31DD923D26F9A23900BC5592 /* ROCBridgeHybridArgumentData.h */,
				31DD923E26F9A23900BC5592 /* ROCBridgeHybridArgumentData.m */,
			);
			path = Data;
			sourceTree = "<group>";
		};
		313D7A712691F1C50068BCC9 /* JSContext */ = {
			isa = PBXGroup;
			children = (
				313D7A73269358780068BCC9 /* ROCBridgeJSContextCore.h */,
				313D7A74269358780068BCC9 /* ROCBridgeJSContextCore.m */,
			);
			path = JSContext;
			sourceTree = "<group>";
		};
		313D7A722691F1EC0068BCC9 /* WebviewContext */ = {
			isa = PBXGroup;
			children = (
			);
			path = WebviewContext;
			sourceTree = "<group>";
		};
		31C3744B26838272000744C0 = {
			isa = PBXGroup;
			children = (
				31C3745626838272000744C0 /* RocBridgeExample */,
				31CDF4ED268A0ABF00590431 /* RocBridge */,
				31C3745526838272000744C0 /* Products */,
				2FE47A98400D4BCDCA3A99D5 /* Pods */,
				6F381D3C757557BF3C132959 /* Frameworks */,
			);
			sourceTree = "<group>";
		};
		31C3745526838272000744C0 /* Products */ = {
			isa = PBXGroup;
			children = (
				31C3745426838272000744C0 /* RocBridgeExample.app */,
				31CDF4EC268A0ABF00590431 /* RocBridge.framework */,
			);
			name = Products;
			sourceTree = "<group>";
		};
		31C3745626838272000744C0 /* RocBridgeExample */ = {
			isa = PBXGroup;
			children = (
				31C3745726838272000744C0 /* AppDelegate.h */,
				31C3745826838272000744C0 /* AppDelegate.m */,
				31C3745A26838272000744C0 /* SceneDelegate.h */,
				31C3745B26838272000744C0 /* SceneDelegate.m */,
				31C3745D26838272000744C0 /* ViewController.h */,
				31C3745E26838272000744C0 /* ViewController.m */,
				31C3746026838272000744C0 /* Main.storyboard */,
				31C3746326838272000744C0 /* Assets.xcassets */,
				31C3746526838272000744C0 /* LaunchScreen.storyboard */,
				31C3746826838272000744C0 /* Info.plist */,
				31C3746926838272000744C0 /* main.m */,
			);
			path = RocBridgeExample;
			sourceTree = "<group>";
		};
		31CDF4ED268A0ABF00590431 /* RocBridge */ = {
			isa = PBXGroup;
			children = (
				31CDF50C268A0BFF00590431 /* Classes */,
				31CDF4EE268A0ABF00590431 /* RocBridge.h */,
				31CDF4EF268A0ABF00590431 /* Info.plist */,
			);
			path = RocBridge;
			sourceTree = "<group>";
		};
		31CDF50C268A0BFF00590431 /* Classes */ = {
			isa = PBXGroup;
			children = (
				31CDF50D268A0C0300590431 /* Context */,
			);
			path = Classes;
			sourceTree = "<group>";
		};
		31CDF50D268A0C0300590431 /* Context */ = {
			isa = PBXGroup;
			children = (
				31CDF518268A125D00590431 /* Data */,
				31CDF512268A11D200590431 /* Manager */,
				31CDF50F268A0C5100590431 /* ROCBridgeContext.h */,
				31CDF50E268A0C5100590431 /* ROCBridgeContext.m */,
			);
			path = Context;
			sourceTree = "<group>";
		};
		31CDF512268A11D200590431 /* Manager */ = {
			isa = PBXGroup;
			children = (
				31DD922626EDD5B500BC5592 /* SubManager */,
				313D7A722691F1EC0068BCC9 /* WebviewContext */,
				313D7A712691F1C50068BCC9 /* JSContext */,
				31CDF513268A121400590431 /* Base */,
			);
			path = Manager;
			sourceTree = "<group>";
		};
		31CDF513268A121400590431 /* Base */ = {
			isa = PBXGroup;
			children = (
				31CDF539268B7B5A00590431 /* ROCBridgeBaseManager.h */,
				31CDF53A268B7B5A00590431 /* ROCBridgeBaseManager.m */,
				313D7A6F2691F1AA0068BCC9 /* ROCBridgeContextCoreProtocol.h */,
			);
			path = Base;
			sourceTree = "<group>";
		};
		31CDF518268A125D00590431 /* Data */ = {
			isa = PBXGroup;
			children = (
				31CDF519268A139C00590431 /* ROCBridgeConfig.h */,
				31CDF51A268A139C00590431 /* ROCBridgeConfig.m */,
				31CDF53D268E09AE00590431 /* ROCBridgeHandler.h */,
				31CDF53E268E09AE00590431 /* ROCBridgeHandler.m */,
				31CDF541268E0DC200590431 /* ROCBridgeEventHandler.h */,
				31CDF542268E0DC200590431 /* ROCBridgeEventHandler.m */,
				31CDF54D268E118300590431 /* ROCBridgeContextLog.h */,
				31CDF54E268E118300590431 /* ROCBridgeContextLog.m */,
			);
			path = Data;
			sourceTree = "<group>";
		};
		31DD922626EDD5B500BC5592 /* SubManager */ = {
			isa = PBXGroup;
			children = (
				31DD923026EDDC7E00BC5592 /* Event */,
				31DD922B26EDD65B00BC5592 /* Hybrid */,
			);
			path = SubManager;
			sourceTree = "<group>";
		};
		31DD922B26EDD65B00BC5592 /* Hybrid */ = {
			isa = PBXGroup;
			children = (
				31DD924126F9A27600BC5592 /* Utils */,
				313D7A6E2691B9420068BCC9 /* Data */,
				313D7A6D2691B92E0068BCC9 /* HybridModule */,
				31DD922726EDD65300BC5592 /* ROCBridgeHybridManager.h */,
				31DD922826EDD65300BC5592 /* ROCBridgeHybridManager.m */,
			);
			path = Hybrid;
			sourceTree = "<group>";
		};
		31DD923026EDDC7E00BC5592 /* Event */ = {
			isa = PBXGroup;
			children = (
				31DD923126EDDC9700BC5592 /* ROCBridgeEventManager.h */,
				31DD923226EDDC9700BC5592 /* ROCBridgeEventManager.m */,
			);
			path = Event;
			sourceTree = "<group>";
		};
		31DD924126F9A27600BC5592 /* Utils */ = {
			isa = PBXGroup;
			children = (
				31DD924226F9A2AE00BC5592 /* ROCParserUtils.h */,
				31DD924326F9A2AE00BC5592 /* ROCParserUtils.m */,
			);
			path = Utils;
			sourceTree = "<group>";
		};
		6F381D3C757557BF3C132959 /* Frameworks */ = {
			isa = PBXGroup;
			children = (
				C33CDB5830DC019965FA4F18 /* libPods-RocBridgeExample.a */,
			);
			name = Frameworks;
			sourceTree = "<group>";
		};
/* End PBXGroup section */

/* Begin PBXHeadersBuildPhase section */
		31CDF4E7268A0ABF00590431 /* Headers */ = {
			isa = PBXHeadersBuildPhase;
			buildActionMask = 2147483647;
			files = (
				31CDF53B268B7B5A00590431 /* ROCBridgeBaseManager.h in Headers */,
				31DD922E26EDD72700BC5592 /* ROCBridgeHybridAdditionInfo.h in Headers */,
				313D7A702691F1AA0068BCC9 /* ROCBridgeContextCoreProtocol.h in Headers */,
				31CDF533268B77F600590431 /* ROCBridgeHybridRegister.h in Headers */,
				31DD923F26F9A23900BC5592 /* ROCBridgeHybridArgumentData.h in Headers */,
				31CDF511268A0C5100590431 /* ROCBridgeContext.h in Headers */,
				31DD922926EDD65300BC5592 /* ROCBridgeHybridManager.h in Headers */,
				31CDF537268B7B3B00590431 /* ROCBridgeBaseHybridModule.h in Headers */,
				31CDF4FE268A0ABF00590431 /* RocBridge.h in Headers */,
				31CDF51B268A139C00590431 /* ROCBridgeConfig.h in Headers */,
				31CDF547268E0E4500590431 /* ROCBridgeHybridResponse.h in Headers */,
				313D7A75269358780068BCC9 /* ROCBridgeJSContextCore.h in Headers */,
				31DD923326EDDC9700BC5592 /* ROCBridgeEventManager.h in Headers */,
				31DD923726EDDEB900BC5592 /* ROCBridgeHybridModuleData.h in Headers */,
				31CDF5532691B70A00590431 /* ROCBridgeHybridRequest.h in Headers */,
				31CDF54F268E118300590431 /* ROCBridgeContextLog.h in Headers */,
				31DD924426F9A2AE00BC5592 /* ROCParserUtils.h in Headers */,
				31DD923B26EDE0ED00BC5592 /* ROCBridgeHybridMethodData.h in Headers */,
				31CDF543268E0DC200590431 /* ROCBridgeEventHandler.h in Headers */,
				31CDF53F268E09AE00590431 /* ROCBridgeHandler.h in Headers */,
			);
			runOnlyForDeploymentPostprocessing = 0;
		};
/* End PBXHeadersBuildPhase section */

/* Begin PBXNativeTarget section */
		31C3745326838272000744C0 /* RocBridgeExample */ = {
			isa = PBXNativeTarget;
			buildConfigurationList = 31C3748326838273000744C0 /* Build configuration list for PBXNativeTarget "RocBridgeExample" */;
			buildPhases = (
				E8048E339922D9EDFBBAFFD0 /* [CP] Check Pods Manifest.lock */,
				31C3745026838272000744C0 /* Sources */,
				31C3745126838272000744C0 /* Frameworks */,
				31C3745226838272000744C0 /* Resources */,
				31CDF503268A0ABF00590431 /* Embed Frameworks */,
			);
			buildRules = (
			);
			dependencies = (
				31CDF500268A0ABF00590431 /* PBXTargetDependency */,
			);
			name = RocBridgeExample;
			productName = RocBridgeExample;
			productReference = 31C3745426838272000744C0 /* RocBridgeExample.app */;
			productType = "com.apple.product-type.application";
		};
		31CDF4EB268A0ABF00590431 /* RocBridge */ = {
			isa = PBXNativeTarget;
			buildConfigurationList = 31CDF508268A0ABF00590431 /* Build configuration list for PBXNativeTarget "RocBridge" */;
			buildPhases = (
				31CDF4E7268A0ABF00590431 /* Headers */,
				31CDF4E8268A0ABF00590431 /* Sources */,
				31CDF4E9268A0ABF00590431 /* Frameworks */,
				31CDF4EA268A0ABF00590431 /* Resources */,
			);
			buildRules = (
			);
			dependencies = (
			);
			name = RocBridge;
			productName = RocBridge;
			productReference = 31CDF4EC268A0ABF00590431 /* RocBridge.framework */;
			productType = "com.apple.product-type.framework";
		};
/* End PBXNativeTarget section */

/* Begin PBXProject section */
		31C3744C26838272000744C0 /* Project object */ = {
			isa = PBXProject;
			attributes = {
				LastUpgradeCheck = 1130;
				ORGANIZATIONNAME = RocYang;
				TargetAttributes = {
					31C3745326838272000744C0 = {
						CreatedOnToolsVersion = 11.3.1;
					};
					31CDF4EB268A0ABF00590431 = {
						CreatedOnToolsVersion = 11.3.1;
					};
				};
			};
			buildConfigurationList = 31C3744F26838272000744C0 /* Build configuration list for PBXProject "RocBridgeExample" */;
			compatibilityVersion = "Xcode 9.3";
			developmentRegion = en;
			hasScannedForEncodings = 0;
			knownRegions = (
				en,
				Base,
			);
			mainGroup = 31C3744B26838272000744C0;
			productRefGroup = 31C3745526838272000744C0 /* Products */;
			projectDirPath = "";
			projectRoot = "";
			targets = (
				31C3745326838272000744C0 /* RocBridgeExample */,
				31CDF4EB268A0ABF00590431 /* RocBridge */,
			);
		};
/* End PBXProject section */

/* Begin PBXResourcesBuildPhase section */
		31C3745226838272000744C0 /* Resources */ = {
			isa = PBXResourcesBuildPhase;
			buildActionMask = 2147483647;
			files = (
				31C3746726838272000744C0 /* LaunchScreen.storyboard in Resources */,
				31C3746426838272000744C0 /* Assets.xcassets in Resources */,
				31C3746226838272000744C0 /* Main.storyboard in Resources */,
			);
			runOnlyForDeploymentPostprocessing = 0;
		};
		31CDF4EA268A0ABF00590431 /* Resources */ = {
			isa = PBXResourcesBuildPhase;
			buildActionMask = 2147483647;
			files = (
			);
			runOnlyForDeploymentPostprocessing = 0;
		};
/* End PBXResourcesBuildPhase section */

/* Begin PBXShellScriptBuildPhase section */
		E8048E339922D9EDFBBAFFD0 /* [CP] Check Pods Manifest.lock */ = {
			isa = PBXShellScriptBuildPhase;
			buildActionMask = 2147483647;
			files = (
			);
			inputFileListPaths = (
			);
			inputPaths = (
				"${PODS_PODFILE_DIR_PATH}/Podfile.lock",
				"${PODS_ROOT}/Manifest.lock",
			);
			name = "[CP] Check Pods Manifest.lock";
			outputFileListPaths = (
			);
			outputPaths = (
				"$(DERIVED_FILE_DIR)/Pods-RocBridgeExample-checkManifestLockResult.txt",
			);
			runOnlyForDeploymentPostprocessing = 0;
			shellPath = /bin/sh;
			shellScript = "diff \"${PODS_PODFILE_DIR_PATH}/Podfile.lock\" \"${PODS_ROOT}/Manifest.lock\" > /dev/null\nif [ $? != 0 ] ; then\n    # print error to STDERR\n    echo \"error: The sandbox is not in sync with the Podfile.lock. Run 'pod install' or update your CocoaPods installation.\" >&2\n    exit 1\nfi\n# This output is used by Xcode 'outputs' to avoid re-running this script phase.\necho \"SUCCESS\" > \"${SCRIPT_OUTPUT_FILE_0}\"\n";
			showEnvVarsInLog = 0;
		};
/* End PBXShellScriptBuildPhase section */

/* Begin PBXSourcesBuildPhase section */
		31C3745026838272000744C0 /* Sources */ = {
			isa = PBXSourcesBuildPhase;
			buildActionMask = 2147483647;
			files = (
				31C3745F26838272000744C0 /* ViewController.m in Sources */,
				31C3745926838272000744C0 /* AppDelegate.m in Sources */,
				31C3746A26838272000744C0 /* main.m in Sources */,
				31C3745C26838272000744C0 /* SceneDelegate.m in Sources */,
			);
			runOnlyForDeploymentPostprocessing = 0;
		};
		31CDF4E8268A0ABF00590431 /* Sources */ = {
			isa = PBXSourcesBuildPhase;
			buildActionMask = 2147483647;
			files = (
				31CDF510268A0C5100590431 /* ROCBridgeContext.m in Sources */,
				31CDF5542691B70A00590431 /* ROCBridgeHybridRequest.m in Sources */,
				31CDF538268B7B3B00590431 /* ROCBridgeBaseHybridModule.m in Sources */,
				31DD924526F9A2AE00BC5592 /* ROCParserUtils.m in Sources */,
				31CDF540268E09AE00590431 /* ROCBridgeHandler.m in Sources */,
				31DD923C26EDE0ED00BC5592 /* ROCBridgeHybridMethodData.m in Sources */,
				31DD923426EDDC9700BC5592 /* ROCBridgeEventManager.m in Sources */,
				31DD923826EDDEB900BC5592 /* ROCBridgeHybridModuleData.m in Sources */,
				31DD924026F9A23900BC5592 /* ROCBridgeHybridArgumentData.m in Sources */,
				31CDF53C268B7B5A00590431 /* ROCBridgeBaseManager.m in Sources */,
				31CDF550268E118300590431 /* ROCBridgeContextLog.m in Sources */,
				31CDF51C268A139C00590431 /* ROCBridgeConfig.m in Sources */,
				31CDF534268B77F600590431 /* ROCBridgeHybridRegister.m in Sources */,
				31CDF548268E0E4500590431 /* ROCBridgeHybridResponse.m in Sources */,
				31DD922A26EDD65300BC5592 /* ROCBridgeHybridManager.m in Sources */,
				31CDF544268E0DC200590431 /* ROCBridgeEventHandler.m in Sources */,
				31DD922F26EDD72700BC5592 /* ROCBridgeHybridAdditionInfo.m in Sources */,
				313D7A76269358780068BCC9 /* ROCBridgeJSContextCore.m in Sources */,
			);
			runOnlyForDeploymentPostprocessing = 0;
		};
/* End PBXSourcesBuildPhase section */

/* Begin PBXTargetDependency section */
		31CDF500268A0ABF00590431 /* PBXTargetDependency */ = {
			isa = PBXTargetDependency;
			target = 31CDF4EB268A0ABF00590431 /* RocBridge */;
			targetProxy = 31CDF4FF268A0ABF00590431 /* PBXContainerItemProxy */;
		};
/* End PBXTargetDependency section */

/* Begin PBXVariantGroup section */
		31C3746026838272000744C0 /* Main.storyboard */ = {
			isa = PBXVariantGroup;
			children = (
				31C3746126838272000744C0 /* Base */,
			);
			name = Main.storyboard;
			sourceTree = "<group>";
		};
		31C3746526838272000744C0 /* LaunchScreen.storyboard */ = {
			isa = PBXVariantGroup;
			children = (
				31C3746626838272000744C0 /* Base */,
			);
			name = LaunchScreen.storyboard;
			sourceTree = "<group>";
		};
/* End PBXVariantGroup section */

/* Begin XCBuildConfiguration section */
		31C3748126838273000744C0 /* Debug */ = {
			isa = XCBuildConfiguration;
			buildSettings = {
				ALWAYS_SEARCH_USER_PATHS = NO;
				CLANG_ANALYZER_NONNULL = YES;
				CLANG_ANALYZER_NUMBER_OBJECT_CONVERSION = YES_AGGRESSIVE;
				CLANG_CXX_LANGUAGE_STANDARD = "gnu++14";
				CLANG_CXX_LIBRARY = "libc++";
				CLANG_ENABLE_MODULES = YES;
				CLANG_ENABLE_OBJC_ARC = YES;
				CLANG_ENABLE_OBJC_WEAK = YES;
				CLANG_WARN_BLOCK_CAPTURE_AUTORELEASING = YES;
				CLANG_WARN_BOOL_CONVERSION = YES;
				CLANG_WARN_COMMA = YES;
				CLANG_WARN_CONSTANT_CONVERSION = YES;
				CLANG_WARN_DEPRECATED_OBJC_IMPLEMENTATIONS = YES;
				CLANG_WARN_DIRECT_OBJC_ISA_USAGE = YES_ERROR;
				CLANG_WARN_DOCUMENTATION_COMMENTS = YES;
				CLANG_WARN_EMPTY_BODY = YES;
				CLANG_WARN_ENUM_CONVERSION = YES;
				CLANG_WARN_INFINITE_RECURSION = YES;
				CLANG_WARN_INT_CONVERSION = YES;
				CLANG_WARN_NON_LITERAL_NULL_CONVERSION = YES;
				CLANG_WARN_OBJC_IMPLICIT_RETAIN_SELF = YES;
				CLANG_WARN_OBJC_LITERAL_CONVERSION = YES;
				CLANG_WARN_OBJC_ROOT_CLASS = YES_ERROR;
				CLANG_WARN_RANGE_LOOP_ANALYSIS = YES;
				CLANG_WARN_STRICT_PROTOTYPES = YES;
				CLANG_WARN_SUSPICIOUS_MOVE = YES;
				CLANG_WARN_UNGUARDED_AVAILABILITY = YES_AGGRESSIVE;
				CLANG_WARN_UNREACHABLE_CODE = YES;
				CLANG_WARN__DUPLICATE_METHOD_MATCH = YES;
				COPY_PHASE_STRIP = NO;
				DEBUG_INFORMATION_FORMAT = dwarf;
				ENABLE_STRICT_OBJC_MSGSEND = YES;
				ENABLE_TESTABILITY = YES;
				GCC_C_LANGUAGE_STANDARD = gnu11;
				GCC_DYNAMIC_NO_PIC = NO;
				GCC_NO_COMMON_BLOCKS = YES;
				GCC_OPTIMIZATION_LEVEL = 0;
				GCC_PREPROCESSOR_DEFINITIONS = (
					"DEBUG=1",
					"$(inherited)",
				);
				GCC_WARN_64_TO_32_BIT_CONVERSION = YES;
				GCC_WARN_ABOUT_RETURN_TYPE = YES_ERROR;
				GCC_WARN_UNDECLARED_SELECTOR = YES;
				GCC_WARN_UNINITIALIZED_AUTOS = YES_AGGRESSIVE;
				GCC_WARN_UNUSED_FUNCTION = YES;
				GCC_WARN_UNUSED_VARIABLE = YES;
				IPHONEOS_DEPLOYMENT_TARGET = 13.2;
				MTL_ENABLE_DEBUG_INFO = INCLUDE_SOURCE;
				MTL_FAST_MATH = YES;
				ONLY_ACTIVE_ARCH = YES;
				SDKROOT = iphoneos;
			};
			name = Debug;
		};
		31C3748226838273000744C0 /* Release */ = {
			isa = XCBuildConfiguration;
			buildSettings = {
				ALWAYS_SEARCH_USER_PATHS = NO;
				CLANG_ANALYZER_NONNULL = YES;
				CLANG_ANALYZER_NUMBER_OBJECT_CONVERSION = YES_AGGRESSIVE;
				CLANG_CXX_LANGUAGE_STANDARD = "gnu++14";
				CLANG_CXX_LIBRARY = "libc++";
				CLANG_ENABLE_MODULES = YES;
				CLANG_ENABLE_OBJC_ARC = YES;
				CLANG_ENABLE_OBJC_WEAK = YES;
				CLANG_WARN_BLOCK_CAPTURE_AUTORELEASING = YES;
				CLANG_WARN_BOOL_CONVERSION = YES;
				CLANG_WARN_COMMA = YES;
				CLANG_WARN_CONSTANT_CONVERSION = YES;
				CLANG_WARN_DEPRECATED_OBJC_IMPLEMENTATIONS = YES;
				CLANG_WARN_DIRECT_OBJC_ISA_USAGE = YES_ERROR;
				CLANG_WARN_DOCUMENTATION_COMMENTS = YES;
				CLANG_WARN_EMPTY_BODY = YES;
				CLANG_WARN_ENUM_CONVERSION = YES;
				CLANG_WARN_INFINITE_RECURSION = YES;
				CLANG_WARN_INT_CONVERSION = YES;
				CLANG_WARN_NON_LITERAL_NULL_CONVERSION = YES;
				CLANG_WARN_OBJC_IMPLICIT_RETAIN_SELF = YES;
				CLANG_WARN_OBJC_LITERAL_CONVERSION = YES;
				CLANG_WARN_OBJC_ROOT_CLASS = YES_ERROR;
				CLANG_WARN_RANGE_LOOP_ANALYSIS = YES;
				CLANG_WARN_STRICT_PROTOTYPES = YES;
				CLANG_WARN_SUSPICIOUS_MOVE = YES;
				CLANG_WARN_UNGUARDED_AVAILABILITY = YES_AGGRESSIVE;
				CLANG_WARN_UNREACHABLE_CODE = YES;
				CLANG_WARN__DUPLICATE_METHOD_MATCH = YES;
				COPY_PHASE_STRIP = NO;
				DEBUG_INFORMATION_FORMAT = "dwarf-with-dsym";
				ENABLE_NS_ASSERTIONS = NO;
				ENABLE_STRICT_OBJC_MSGSEND = YES;
				GCC_C_LANGUAGE_STANDARD = gnu11;
				GCC_NO_COMMON_BLOCKS = YES;
				GCC_WARN_64_TO_32_BIT_CONVERSION = YES;
				GCC_WARN_ABOUT_RETURN_TYPE = YES_ERROR;
				GCC_WARN_UNDECLARED_SELECTOR = YES;
				GCC_WARN_UNINITIALIZED_AUTOS = YES_AGGRESSIVE;
				GCC_WARN_UNUSED_FUNCTION = YES;
				GCC_WARN_UNUSED_VARIABLE = YES;
				IPHONEOS_DEPLOYMENT_TARGET = 13.2;
				MTL_ENABLE_DEBUG_INFO = NO;
				MTL_FAST_MATH = YES;
				SDKROOT = iphoneos;
				VALIDATE_PRODUCT = YES;
			};
			name = Release;
		};
		31C3748426838273000744C0 /* Debug */ = {
			isa = XCBuildConfiguration;
			baseConfigurationReference = 55839F3E097CFF26B37D80BA /* Pods-RocBridgeExample.debug.xcconfig */;
			buildSettings = {
				ASSETCATALOG_COMPILER_APPICON_NAME = AppIcon;
				CODE_SIGN_STYLE = Automatic;
				DEVELOPMENT_TEAM = 5YU7P7Z6WD;
				INFOPLIST_FILE = RocBridgeExample/Info.plist;
				LD_RUNPATH_SEARCH_PATHS = (
					"$(inherited)",
					"@executable_path/Frameworks",
				);
				PRODUCT_BUNDLE_IDENTIFIER = dapeng.test.RocBridgeExample;
				PRODUCT_NAME = "$(TARGET_NAME)";
				TARGETED_DEVICE_FAMILY = "1,2";
			};
			name = Debug;
		};
		31C3748526838273000744C0 /* Release */ = {
			isa = XCBuildConfiguration;
			baseConfigurationReference = 05C9702EB2720F5953B94D1A /* Pods-RocBridgeExample.release.xcconfig */;
			buildSettings = {
				ASSETCATALOG_COMPILER_APPICON_NAME = AppIcon;
				CODE_SIGN_STYLE = Automatic;
				DEVELOPMENT_TEAM = 5YU7P7Z6WD;
				INFOPLIST_FILE = RocBridgeExample/Info.plist;
				LD_RUNPATH_SEARCH_PATHS = (
					"$(inherited)",
					"@executable_path/Frameworks",
				);
				PRODUCT_BUNDLE_IDENTIFIER = dapeng.test.RocBridgeExample;
				PRODUCT_NAME = "$(TARGET_NAME)";
				TARGETED_DEVICE_FAMILY = "1,2";
			};
			name = Release;
		};
		31CDF504268A0ABF00590431 /* Debug */ = {
			isa = XCBuildConfiguration;
			buildSettings = {
				CODE_SIGN_STYLE = Automatic;
				CURRENT_PROJECT_VERSION = 1;
				DEFINES_MODULE = YES;
				DEVELOPMENT_TEAM = 5YU7P7Z6WD;
				DYLIB_COMPATIBILITY_VERSION = 1;
				DYLIB_CURRENT_VERSION = 1;
				DYLIB_INSTALL_NAME_BASE = "@rpath";
				INFOPLIST_FILE = RocBridge/Info.plist;
				INSTALL_PATH = "$(LOCAL_LIBRARY_DIR)/Frameworks";
				LD_RUNPATH_SEARCH_PATHS = (
					"$(inherited)",
					"@executable_path/Frameworks",
					"@loader_path/Frameworks",
				);
				PRODUCT_BUNDLE_IDENTIFIER = dapeng.test.RocBridge;
				PRODUCT_NAME = "$(TARGET_NAME:c99extidentifier)";
				SKIP_INSTALL = YES;
				TARGETED_DEVICE_FAMILY = "1,2";
				VERSIONING_SYSTEM = "apple-generic";
				VERSION_INFO_PREFIX = "";
			};
			name = Debug;
		};
		31CDF505268A0ABF00590431 /* Release */ = {
			isa = XCBuildConfiguration;
			buildSettings = {
				CODE_SIGN_STYLE = Automatic;
				CURRENT_PROJECT_VERSION = 1;
				DEFINES_MODULE = YES;
				DEVELOPMENT_TEAM = 5YU7P7Z6WD;
				DYLIB_COMPATIBILITY_VERSION = 1;
				DYLIB_CURRENT_VERSION = 1;
				DYLIB_INSTALL_NAME_BASE = "@rpath";
				INFOPLIST_FILE = RocBridge/Info.plist;
				INSTALL_PATH = "$(LOCAL_LIBRARY_DIR)/Frameworks";
				LD_RUNPATH_SEARCH_PATHS = (
					"$(inherited)",
					"@executable_path/Frameworks",
					"@loader_path/Frameworks",
				);
				PRODUCT_BUNDLE_IDENTIFIER = dapeng.test.RocBridge;
				PRODUCT_NAME = "$(TARGET_NAME:c99extidentifier)";
				SKIP_INSTALL = YES;
				TARGETED_DEVICE_FAMILY = "1,2";
				VERSIONING_SYSTEM = "apple-generic";
				VERSION_INFO_PREFIX = "";
			};
			name = Release;
		};
/* End XCBuildConfiguration section */

/* Begin XCConfigurationList section */
		31C3744F26838272000744C0 /* Build configuration list for PBXProject "RocBridgeExample" */ = {
			isa = XCConfigurationList;
			buildConfigurations = (
				31C3748126838273000744C0 /* Debug */,
				31C3748226838273000744C0 /* Release */,
			);
			defaultConfigurationIsVisible = 0;
			defaultConfigurationName = Release;
		};
		31C3748326838273000744C0 /* Build configuration list for PBXNativeTarget "RocBridgeExample" */ = {
			isa = XCConfigurationList;
			buildConfigurations = (
				31C3748426838273000744C0 /* Debug */,
				31C3748526838273000744C0 /* Release */,
			);
			defaultConfigurationIsVisible = 0;
			defaultConfigurationName = Release;
		};
		31CDF508268A0ABF00590431 /* Build configuration list for PBXNativeTarget "RocBridge" */ = {
			isa = XCConfigurationList;
			buildConfigurations = (
				31CDF504268A0ABF00590431 /* Debug */,
				31CDF505268A0ABF00590431 /* Release */,
			);
			defaultConfigurationIsVisible = 0;
			defaultConfigurationName = Release;
		};
/* End XCConfigurationList section */
	};
	rootObject = 31C3744C26838272000744C0 /* Project object */;
}
